
Microsoft Visual Studio Solution File, Format Version 12.00
# Visual Studio Version 16
VisualStudioVersion = 16.0.30611.23
MinimumVisualStudioVersion = 10.0.40219.1
Project("{FAE04EC0-301F-11D3-BF4B-00C04F79EFBC}") = "SalonApp", "SalonApp\SalonApp.csproj", "{9444D7DD-42FB-4DB8-806C-BCB01AF3C2EB}"
EndProject
Project("{54435603-DBB4-11D2-8724-00A0C9A8B90C}") = "SalonAppSetup", "SalonAppSetup\SalonAppSetup.vdproj", "{FAB47C62-5C5E-4F39-AF5E-4CF10F500CDB}"
EndProject
Global
	GlobalSection(SolutionConfigurationPlatforms) = preSolution
		Debug|Any CPU = Debug|Any CPU
		Release|Any CPU = Release|Any CPU
	EndGlobalSection
	GlobalSection(ProjectConfigurationPlatforms) = postSolution
		{9444D7DD-42FB-4DB8-806C-BCB01AF3C2EB}.Debug|Any CPU.ActiveCfg = Debug|Any CPU
		{9444D7DD-42FB-4DB8-806C-BCB01AF3C2EB}.Debug|Any CPU.Build.0 = Debug|Any CPU
		{9444D7DD-42FB-4DB8-806C-BCB01AF3C2EB}.Release|Any CPU.ActiveCfg = Release|Any CPU
		{9444D7DD-42FB-4DB8-806C-BCB01AF3C2EB}.Release|Any CPU.Build.0 = Release|Any CPU
		{FAB47C62-5C5E-4F39-AF5E-4CF10F500CDB}.Debug|Any CPU.ActiveCfg = Debug
		{FAB47C62-5C5E-4F39-AF5E-4CF10F500CDB}.Release|Any CPU.ActiveCfg = Release
	EndGlobalSection
	GlobalSection(SolutionProperties) = preSolution
		HideSolutionNode = FALSE
	EndGlobalSection
	GlobalSection(ExtensibilityGlobals) = postSolution
		SolutionGuid = {A72D9F1D-95DC-488E-8B46-133A52F3B2D1}
	EndGlobalSection
EndGlobal
